
Microsoft Visual Studio Solution File, Format Version 12.00
# Visual Studio 15
VisualStudioVersion = 15.0.28307.779
MinimumVisualStudioVersion = 10.0.40219.1
Project("{FAE04EC0-301F-11D3-BF4B-00C04F79EFBC}") = "DesarrolloProyDSP", "DesarrolloProyDSP\DesarrolloProyDSP.csproj", "{C4DE58F0-081C-430E-AD69-3BA5C53F0F87}"
EndProject
Project("{FAE04EC0-301F-11D3-BF4B-00C04F79EFBC}") = "BusinessModel", "BusinessModel\BusinessModel.csproj", "{84B4A438-712F-430C-A4A9-D269AA8C3C6C}"
EndProject
Project("{FAE04EC0-301F-11D3-BF4B-00C04F79EFBC}") = "SeccionAdministrador", "SeccionAdministrador\SeccionAdministrador.csproj", "{2AA916BC-D0D5-46D3-BEFB-321C557B7370}"
EndProject
Global
	GlobalSection(SolutionConfigurationPlatforms) = preSolution
		Debug|Any CPU = Debug|Any CPU
		Release|Any CPU = Release|Any CPU
	EndGlobalSection
	GlobalSection(ProjectConfigurationPlatforms) = postSolution
		{C4DE58F0-081C-430E-AD69-3BA5C53F0F87}.Debug|Any CPU.ActiveCfg = Debug|Any CPU
		{C4DE58F0-081C-430E-AD69-3BA5C53F0F87}.Debug|Any CPU.Build.0 = Debug|Any CPU
		{C4DE58F0-081C-430E-AD69-3BA5C53F0F87}.Release|Any CPU.ActiveCfg = Release|Any CPU
		{C4DE58F0-081C-430E-AD69-3BA5C53F0F87}.Release|Any CPU.Build.0 = Release|Any CPU
		{84B4A438-712F-430C-A4A9-D269AA8C3C6C}.Debug|Any CPU.ActiveCfg = Debug|Any CPU
		{84B4A438-712F-430C-A4A9-D269AA8C3C6C}.Debug|Any CPU.Build.0 = Debug|Any CPU
		{84B4A438-712F-430C-A4A9-D269AA8C3C6C}.Release|Any CPU.ActiveCfg = Release|Any CPU
		{84B4A438-712F-430C-A4A9-D269AA8C3C6C}.Release|Any CPU.Build.0 = Release|Any CPU
		{2AA916BC-D0D5-46D3-BEFB-321C557B7370}.Debug|Any CPU.ActiveCfg = Debug|Any CPU
		{2AA916BC-D0D5-46D3-BEFB-321C557B7370}.Debug|Any CPU.Build.0 = Debug|Any CPU
		{2AA916BC-D0D5-46D3-BEFB-321C557B7370}.Release|Any CPU.ActiveCfg = Release|Any CPU
		{2AA916BC-D0D5-46D3-BEFB-321C557B7370}.Release|Any CPU.Build.0 = Release|Any CPU
	EndGlobalSection
	GlobalSection(SolutionProperties) = preSolution
		HideSolutionNode = FALSE
	EndGlobalSection
	GlobalSection(ExtensibilityGlobals) = postSolution
		SolutionGuid = {D4F5ABB2-6E13-4D1B-8CE5-76D5AF728C83}
	EndGlobalSection
EndGlobal
